
Microsoft Visual Studio Solution File, Format Version 12.00
# Visual Studio Version 16
VisualStudioVersion = 16.0.29025.244
MinimumVisualStudioVersion = 10.0.40219.1
Project("{FAE04EC0-301F-11D3-BF4B-00C04F79EFBC}") = "shipbattle", "shipbattle\shipbattle.csproj", "{88AA1AF9-2505-476F-98DF-6B31E16ECE8D}"
EndProject
Global
	GlobalSection(SolutionConfigurationPlatforms) = preSolution
		Debug|Any CPU = Debug|Any CPU
		Release|Any CPU = Release|Any CPU
	EndGlobalSection
	GlobalSection(ProjectConfigurationPlatforms) = postSolution
		{88AA1AF9-2505-476F-98DF-6B31E16ECE8D}.Debug|Any CPU.ActiveCfg = Debug|Any CPU
		{88AA1AF9-2505-476F-98DF-6B31E16ECE8D}.Debug|Any CPU.Build.0 = Debug|Any CPU
		{88AA1AF9-2505-476F-98DF-6B31E16ECE8D}.Release|Any CPU.ActiveCfg = Release|Any CPU
		{88AA1AF9-2505-476F-98DF-6B31E16ECE8D}.Release|Any CPU.Build.0 = Release|Any CPU
	EndGlobalSection
	GlobalSection(SolutionProperties) = preSolution
		HideSolutionNode = FALSE
	EndGlobalSection
	GlobalSection(ExtensibilityGlobals) = postSolution
		SolutionGuid = {5DC856D1-10E6-4AE9-B624-B5ECBCE1C438}
	EndGlobalSection
EndGlobal
